
Microsoft Visual Studio Solution File, Format Version 12.00
# Visual Studio 15
VisualStudioVersion = 15.0.28307.271
MinimumVisualStudioVersion = 10.0.40219.1
Project("{FAE04EC0-301F-11D3-BF4B-00C04F79EFBC}") = "CuentaBancaria1W1", "CuentaBancaria1W1\CuentaBancaria1W1.csproj", "{4754045E-D39E-46B0-924A-86EC3E2FF789}"
EndProject
Global
	GlobalSection(SolutionConfigurationPlatforms) = preSolution
		Debug|Any CPU = Debug|Any CPU
		Release|Any CPU = Release|Any CPU
	EndGlobalSection
	GlobalSection(ProjectConfigurationPlatforms) = postSolution
		{4754045E-D39E-46B0-924A-86EC3E2FF789}.Debug|Any CPU.ActiveCfg = Debug|Any CPU
		{4754045E-D39E-46B0-924A-86EC3E2FF789}.Debug|Any CPU.Build.0 = Debug|Any CPU
		{4754045E-D39E-46B0-924A-86EC3E2FF789}.Release|Any CPU.ActiveCfg = Release|Any CPU
		{4754045E-D39E-46B0-924A-86EC3E2FF789}.Release|Any CPU.Build.0 = Release|Any CPU
	EndGlobalSection
	GlobalSection(SolutionProperties) = preSolution
		HideSolutionNode = FALSE
	EndGlobalSection
	GlobalSection(ExtensibilityGlobals) = postSolution
		SolutionGuid = {42281C2E-6F16-45D9-88CA-781B4A889D11}
	EndGlobalSection
EndGlobal
